// !$*UTF8*$!
{
	archiveVersion = 1;
	classes = {
	};
	objectVersion = 56;
	objects = {

/* Begin PBXBuildFile section */
		B8CEB31729AB10D9004CE824 /* SpinnyBagelsApp.swift in Sources */ = {isa = PBXBuildFile; fileRef = B8CEB31629AB10D9004CE824 /* SpinnyBagelsApp.swift */; };
		B8CEB31929AB10D9004CE824 /* ContentView.swift in Sources */ = {isa = PBXBuildFile; fileRef = B8CEB31829AB10D9004CE824 /* ContentView.swift */; };
		B8CEB31B29AB10DB004CE824 /* Assets.xcassets in Resources */ = {isa = PBXBuildFile; fileRef = B8CEB31A29AB10DB004CE824 /* Assets.xcassets */; };
		B8CEB31E29AB10DB004CE824 /* Preview Assets.xcassets in Resources */ = {isa = PBXBuildFile; fileRef = B8CEB31D29AB10DB004CE824 /* Preview Assets.xcassets */; };
		B8CEB32829AB129A004CE824 /* bagel.usdz in Resources */ = {isa = PBXBuildFile; fileRef = B8CEB32729AB129A004CE824 /* bagel.usdz */; };
		B8CEB32A29AB1360004CE824 /* ViewModel.swift in Sources */ = {isa = PBXBuildFile; fileRef = B8CEB32929AB135F004CE824 /* ViewModel.swift */; };
		B8CEB32D29AB136E004CE824 /* BagelEntity.swift in Sources */ = {isa = PBXBuildFile; fileRef = B8CEB32B29AB136E004CE824 /* BagelEntity.swift */; };
		B8CEB32E29AB136E004CE824 /* ResourceLoader.swift in Sources */ = {isa = PBXBuildFile; fileRef = B8CEB32C29AB136E004CE824 /* ResourceLoader.swift */; };
/* End PBXBuildFile section */

/* Begin PBXFileReference section */
		B8CEB31329AB10D9004CE824 /* Spinny Bagles.app */ = {isa = PBXFileReference; explicitFileType = wrapper.application; includeInIndex = 0; path = "Spinny Bagles.app"; sourceTree = BUILT_PRODUCTS_DIR; };
		B8CEB31629AB10D9004CE824 /* SpinnyBagelsApp.swift */ = {isa = PBXFileReference; lastKnownFileType = sourcecode.swift; path = SpinnyBagelsApp.swift; sourceTree = "<group>"; };
		B8CEB31829AB10D9004CE824 /* ContentView.swift */ = {isa = PBXFileReference; lastKnownFileType = sourcecode.swift; path = ContentView.swift; sourceTree = "<group>"; };
		B8CEB31A29AB10DB004CE824 /* Assets.xcassets */ = {isa = PBXFileReference; lastKnownFileType = folder.assetcatalog; path = Assets.xcassets; sourceTree = "<group>"; };
		B8CEB31D29AB10DB004CE824 /* Preview Assets.xcassets */ = {isa = PBXFileReference; lastKnownFileType = folder.assetcatalog; path = "Preview Assets.xcassets"; sourceTree = "<group>"; };
		B8CEB32729AB129A004CE824 /* bagel.usdz */ = {isa = PBXFileReference; lastKnownFileType = file.usdz; path = bagel.usdz; sourceTree = "<group>"; };
		B8CEB32929AB135F004CE824 /* ViewModel.swift */ = {isa = PBXFileReference; fileEncoding = 4; lastKnownFileType = sourcecode.swift; path = ViewModel.swift; sourceTree = "<group>"; };
		B8CEB32B29AB136E004CE824 /* BagelEntity.swift */ = {isa = PBXFileReference; fileEncoding = 4; lastKnownFileType = sourcecode.swift; path = BagelEntity.swift; sourceTree = "<group>"; };
		B8CEB32C29AB136E004CE824 /* ResourceLoader.swift */ = {isa = PBXFileReference; fileEncoding = 4; lastKnownFileType = sourcecode.swift; path = ResourceLoader.swift; sourceTree = "<group>"; };
/* End PBXFileReference section */

/* Begin PBXFrameworksBuildPhase section */
		B8CEB31029AB10D9004CE824 /* Frameworks */ = {
			isa = PBXFrameworksBuildPhase;
			buildActionMask = 2147483647;
			files = (
			);
			runOnlyForDeploymentPostprocessing = 0;
		};
/* End PBXFrameworksBuildPhase section */

/* Begin PBXGroup section */
		B8CEB30A29AB10D9004CE824 = {
			isa = PBXGroup;
			children = (
				B8CEB31529AB10D9004CE824 /* Spinny Bagels */,
				B8CEB31429AB10D9004CE824 /* Products */,
			);
			sourceTree = "<group>";
		};
		B8CEB31429AB10D9004CE824 /* Products */ = {
			isa = PBXGroup;
			children = (
				B8CEB31329AB10D9004CE824 /* Spinny Bagles.app */,
			);
			name = Products;
			sourceTree = "<group>";
		};
		B8CEB31529AB10D9004CE824 /* Spinny Bagels */ = {
			isa = PBXGroup;
			children = (
				B8CEB32629AB1197004CE824 /* Entities */,
				B8CEB32529AB118E004CE824 /* Resources */,
				B8CEB32429AB1186004CE824 /* UI */,
				B8CEB31A29AB10DB004CE824 /* Assets.xcassets */,
				B8CEB31C29AB10DB004CE824 /* Preview Content */,
			);
			path = "Spinny Bagels";
			sourceTree = "<group>";
		};
		B8CEB31C29AB10DB004CE824 /* Preview Content */ = {
			isa = PBXGroup;
			children = (
				B8CEB31D29AB10DB004CE824 /* Preview Assets.xcassets */,
			);
			path = "Preview Content";
			sourceTree = "<group>";
		};
		B8CEB32429AB1186004CE824 /* UI */ = {
			isa = PBXGroup;
			children = (
				B8CEB32929AB135F004CE824 /* ViewModel.swift */,
				B8CEB31629AB10D9004CE824 /* SpinnyBagelsApp.swift */,
				B8CEB31829AB10D9004CE824 /* ContentView.swift */,
			);
			path = UI;
			sourceTree = "<group>";
		};
		B8CEB32529AB118E004CE824 /* Resources */ = {
			isa = PBXGroup;
			children = (
				B8CEB32729AB129A004CE824 /* bagel.usdz */,
			);
			path = Resources;
			sourceTree = "<group>";
		};
		B8CEB32629AB1197004CE824 /* Entities */ = {
			isa = PBXGroup;
			children = (
				B8CEB32B29AB136E004CE824 /* BagelEntity.swift */,
				B8CEB32C29AB136E004CE824 /* ResourceLoader.swift */,
			);
			path = Entities;
			sourceTree = "<group>";
		};
/* End PBXGroup section */

/* Begin PBXNativeTarget section */
		B8CEB31229AB10D9004CE824 /* Spinny Bagles */ = {
			isa = PBXNativeTarget;
			buildConfigurationList = B8CEB32129AB10DB004CE824 /* Build configuration list for PBXNativeTarget "Spinny Bagles" */;
			buildPhases = (
				B8CEB30F29AB10D9004CE824 /* Sources */,
				B8CEB31029AB10D9004CE824 /* Frameworks */,
				B8CEB31129AB10D9004CE824 /* Resources */,
			);
			buildRules = (
			);
			dependencies = (
			);
			name = "Spinny Bagles";
			productName = "Spinny Donuts";
			productReference = B8CEB31329AB10D9004CE824 /* Spinny Bagles.app */;
			productType = "com.apple.product-type.application";
		};
/* End PBXNativeTarget section */

/* Begin PBXProject section */
		B8CEB30B29AB10D9004CE824 /* Project object */ = {
			isa = PBXProject;
			attributes = {
				BuildIndependentTargetsInParallel = 1;
				LastSwiftUpdateCheck = 1420;
				LastUpgradeCheck = 1420;
				TargetAttributes = {
					B8CEB31229AB10D9004CE824 = {
						CreatedOnToolsVersion = 14.2;
					};
				};
			};
			buildConfigurationList = B8CEB30E29AB10D9004CE824 /* Build configuration list for PBXProject "Spinny Bagles" */;
			compatibilityVersion = "Xcode 14.0";
			developmentRegion = en;
			hasScannedForEncodings = 0;
			knownRegions = (
				en,
				Base,
			);
			mainGroup = B8CEB30A29AB10D9004CE824;
			productRefGroup = B8CEB31429AB10D9004CE824 /* Products */;
			projectDirPath = "";
			projectRoot = "";
			targets = (
				B8CEB31229AB10D9004CE824 /* Spinny Bagles */,
			);
		};
/* End PBXProject section */

/* Begin PBXResourcesBuildPhase section */
		B8CEB31129AB10D9004CE824 /* Resources */ = {
			isa = PBXResourcesBuildPhase;
			buildActionMask = 2147483647;
			files = (
				B8CEB32829AB129A004CE824 /* bagel.usdz in Resources */,
				B8CEB31E29AB10DB004CE824 /* Preview Assets.xcassets in Resources */,
				B8CEB31B29AB10DB004CE824 /* Assets.xcassets in Resources */,
			);
			runOnlyForDeploymentPostprocessing = 0;
		};
/* End PBXResourcesBuildPhase section */

/* Begin PBXSourcesBuildPhase section */
		B8CEB30F29AB10D9004CE824 /* Sources */ = {
			isa = PBXSourcesBuildPhase;
			buildActionMask = 2147483647;
			files = (
				B8CEB31929AB10D9004CE824 /* ContentView.swift in Sources */,
				B8CEB32A29AB1360004CE824 /* ViewModel.swift in Sources */,
				B8CEB32E29AB136E004CE824 /* ResourceLoader.swift in Sources */,
				B8CEB31729AB10D9004CE824 /* SpinnyBagelsApp.swift in Sources */,
				B8CEB32D29AB136E004CE824 /* BagelEntity.swift in Sources */,
			);
			runOnlyForDeploymentPostprocessing = 0;
		};
/* End PBXSourcesBuildPhase section */

/* Begin XCBuildConfiguration section */
		B8CEB31F29AB10DB004CE824 /* Debug */ = {
			isa = XCBuildConfiguration;
			buildSettings = {
				ALWAYS_SEARCH_USER_PATHS = NO;
				CLANG_ANALYZER_NONNULL = YES;
				CLANG_ANALYZER_NUMBER_OBJECT_CONVERSION = YES_AGGRESSIVE;
				CLANG_CXX_LANGUAGE_STANDARD = "gnu++20";
				CLANG_ENABLE_MODULES = YES;
				CLANG_ENABLE_OBJC_ARC = YES;
				CLANG_ENABLE_OBJC_WEAK = YES;
				CLANG_WARN_BLOCK_CAPTURE_AUTORELEASING = YES;
				CLANG_WARN_BOOL_CONVERSION = YES;
				CLANG_WARN_COMMA = YES;
				CLANG_WARN_CONSTANT_CONVERSION = YES;
				CLANG_WARN_DEPRECATED_OBJC_IMPLEMENTATIONS = YES;
				CLANG_WARN_DIRECT_OBJC_ISA_USAGE = YES_ERROR;
				CLANG_WARN_DOCUMENTATION_COMMENTS = YES;
				CLANG_WARN_EMPTY_BODY = YES;
				CLANG_WARN_ENUM_CONVERSION = YES;
				CLANG_WARN_INFINITE_RECURSION = YES;
				CLANG_WARN_INT_CONVERSION = YES;
				CLANG_WARN_NON_LITERAL_NULL_CONVERSION = YES;
				CLANG_WARN_OBJC_IMPLICIT_RETAIN_SELF = YES;
				CLANG_WARN_OBJC_LITERAL_CONVERSION = YES;
				CLANG_WARN_OBJC_ROOT_CLASS = YES_ERROR;
				CLANG_WARN_QUOTED_INCLUDE_IN_FRAMEWORK_HEADER = YES;
				CLANG_WARN_RANGE_LOOP_ANALYSIS = YES;
				CLANG_WARN_STRICT_PROTOTYPES = YES;
				CLANG_WARN_SUSPICIOUS_MOVE = YES;
				CLANG_WARN_UNGUARDED_AVAILABILITY = YES_AGGRESSIVE;
				CLANG_WARN_UNREACHABLE_CODE = YES;
				CLANG_WARN__DUPLICATE_METHOD_MATCH = YES;
				COPY_PHASE_STRIP = NO;
				DEBUG_INFORMATION_FORMAT = dwarf;
				ENABLE_STRICT_OBJC_MSGSEND = YES;
				ENABLE_TESTABILITY = YES;
				GCC_C_LANGUAGE_STANDARD = gnu11;
				GCC_DYNAMIC_NO_PIC = NO;
				GCC_NO_COMMON_BLOCKS = YES;
				GCC_OPTIMIZATION_LEVEL = 0;
				GCC_PREPROCESSOR_DEFINITIONS = (
					"DEBUG=1",
					"$(inherited)",
				);
				GCC_WARN_64_TO_32_BIT_CONVERSION = YES;
				GCC_WARN_ABOUT_RETURN_TYPE = YES_ERROR;
				GCC_WARN_UNDECLARED_SELECTOR = YES;
				GCC_WARN_UNINITIALIZED_AUTOS = YES_AGGRESSIVE;
				GCC_WARN_UNUSED_FUNCTION = YES;
				GCC_WARN_UNUSED_VARIABLE = YES;
				IPHONEOS_DEPLOYMENT_TARGET = 16.2;
				MTL_ENABLE_DEBUG_INFO = INCLUDE_SOURCE;
				MTL_FAST_MATH = YES;
				ONLY_ACTIVE_ARCH = YES;
				SDKROOT = iphoneos;
				SWIFT_ACTIVE_COMPILATION_CONDITIONS = DEBUG;
				SWIFT_OPTIMIZATION_LEVEL = "-Onone";
			};
			name = Debug;
		};
		B8CEB32029AB10DB004CE824 /* Release */ = {
			isa = XCBuildConfiguration;
			buildSettings = {
				ALWAYS_SEARCH_USER_PATHS = NO;
				CLANG_ANALYZER_NONNULL = YES;
				CLANG_ANALYZER_NUMBER_OBJECT_CONVERSION = YES_AGGRESSIVE;
				CLANG_CXX_LANGUAGE_STANDARD = "gnu++20";
				CLANG_ENABLE_MODULES = YES;
				CLANG_ENABLE_OBJC_ARC = YES;
				CLANG_ENABLE_OBJC_WEAK = YES;
				CLANG_WARN_BLOCK_CAPTURE_AUTORELEASING = YES;
				CLANG_WARN_BOOL_CONVERSION = YES;
				CLANG_WARN_COMMA = YES;
				CLANG_WARN_CONSTANT_CONVERSION = YES;
				CLANG_WARN_DEPRECATED_OBJC_IMPLEMENTATIONS = YES;
				CLANG_WARN_DIRECT_OBJC_ISA_USAGE = YES_ERROR;
				CLANG_WARN_DOCUMENTATION_COMMENTS = YES;
				CLANG_WARN_EMPTY_BODY = YES;
				CLANG_WARN_ENUM_CONVERSION = YES;
				CLANG_WARN_INFINITE_RECURSION = YES;
				CLANG_WARN_INT_CONVERSION = YES;
				CLANG_WARN_NON_LITERAL_NULL_CONVERSION = YES;
				CLANG_WARN_OBJC_IMPLICIT_RETAIN_SELF = YES;
				CLANG_WARN_OBJC_LITERAL_CONVERSION = YES;
				CLANG_WARN_OBJC_ROOT_CLASS = YES_ERROR;
				CLANG_WARN_QUOTED_INCLUDE_IN_FRAMEWORK_HEADER = YES;
				CLANG_WARN_RANGE_LOOP_ANALYSIS = YES;
				CLANG_WARN_STRICT_PROTOTYPES = YES;
				CLANG_WARN_SUSPICIOUS_MOVE = YES;
				CLANG_WARN_UNGUARDED_AVAILABILITY = YES_AGGRESSIVE;
				CLANG_WARN_UNREACHABLE_CODE = YES;
				CLANG_WARN__DUPLICATE_METHOD_MATCH = YES;
				COPY_PHASE_STRIP = NO;
				DEBUG_INFORMATION_FORMAT = "dwarf-with-dsym";
				ENABLE_NS_ASSERTIONS = NO;
				ENABLE_STRICT_OBJC_MSGSEND = YES;
				GCC_C_LANGUAGE_STANDARD = gnu11;
				GCC_NO_COMMON_BLOCKS = YES;
				GCC_WARN_64_TO_32_BIT_CONVERSION = YES;
				GCC_WARN_ABOUT_RETURN_TYPE = YES_ERROR;
				GCC_WARN_UNDECLARED_SELECTOR = YES;
				GCC_WARN_UNINITIALIZED_AUTOS = YES_AGGRESSIVE;
				GCC_WARN_UNUSED_FUNCTION = YES;
				GCC_WARN_UNUSED_VARIABLE = YES;
				IPHONEOS_DEPLOYMENT_TARGET = 16.2;
				MTL_ENABLE_DEBUG_INFO = NO;
				MTL_FAST_MATH = YES;
				SDKROOT = iphoneos;
				SWIFT_COMPILATION_MODE = wholemodule;
				SWIFT_OPTIMIZATION_LEVEL = "-O";
				VALIDATE_PRODUCT = YES;
			};
			name = Release;
		};
		B8CEB32229AB10DB004CE824 /* Debug */ = {
			isa = XCBuildConfiguration;
			buildSettings = {
				ASSETCATALOG_COMPILER_APPICON_NAME = AppIcon;
				ASSETCATALOG_COMPILER_GLOBAL_ACCENT_COLOR_NAME = AccentColor;
				CODE_SIGN_STYLE = Automatic;
				CURRENT_PROJECT_VERSION = 1;
				DEVELOPMENT_ASSET_PATHS = "\"Spinny Bagels/Preview Content\"";
				DEVELOPMENT_TEAM = NVX5R79A76;
				ENABLE_PREVIEWS = YES;
				GENERATE_INFOPLIST_FILE = YES;
				INFOPLIST_KEY_NSCameraUsageDescription = "Spinny Bagels uses your camera to place virtual content in the real world";
				INFOPLIST_KEY_UIApplicationSceneManifest_Generation = YES;
				INFOPLIST_KEY_UIApplicationSupportsIndirectInputEvents = YES;
				INFOPLIST_KEY_UILaunchScreen_Generation = YES;
				INFOPLIST_KEY_UISupportedInterfaceOrientations_iPad = "UIInterfaceOrientationPortrait UIInterfaceOrientationPortraitUpsideDown UIInterfaceOrientationLandscapeLeft UIInterfaceOrientationLandscapeRight";
				INFOPLIST_KEY_UISupportedInterfaceOrientations_iPhone = "UIInterfaceOrientationPortrait UIInterfaceOrientationLandscapeLeft UIInterfaceOrientationLandscapeRight";
				LD_RUNPATH_SEARCH_PATHS = (
					"$(inherited)",
					"@executable_path/Frameworks",
				);
				MARKETING_VERSION = 1.0;
				PRODUCT_BUNDLE_IDENTIFIER = "ca.brendaninnis.spinny-bagels";
				PRODUCT_NAME = "$(TARGET_NAME)";
				SWIFT_EMIT_LOC_STRINGS = YES;
				SWIFT_VERSION = 5.0;
				TARGETED_DEVICE_FAMILY = "1,2";
			};
			name = Debug;
		};
		B8CEB32329AB10DB004CE824 /* Release */ = {
			isa = XCBuildConfiguration;
			buildSettings = {
				ASSETCATALOG_COMPILER_APPICON_NAME = AppIcon;
				ASSETCATALOG_COMPILER_GLOBAL_ACCENT_COLOR_NAME = AccentColor;
				CODE_SIGN_STYLE = Automatic;
				CURRENT_PROJECT_VERSION = 1;
				DEVELOPMENT_ASSET_PATHS = "\"Spinny Bagels/Preview Content\"";
				DEVELOPMENT_TEAM = NVX5R79A76;
				ENABLE_PREVIEWS = YES;
				GENERATE_INFOPLIST_FILE = YES;
				INFOPLIST_KEY_NSCameraUsageDescription = "Spinny Bagels uses your camera to place virtual content in the real world";
				INFOPLIST_KEY_UIApplicationSceneManifest_Generation = YES;
				INFOPLIST_KEY_UIApplicationSupportsIndirectInputEvents = YES;
				INFOPLIST_KEY_UILaunchScreen_Generation = YES;
				INFOPLIST_KEY_UISupportedInterfaceOrientations_iPad = "UIInterfaceOrientationPortrait UIInterfaceOrientationPortraitUpsideDown UIInterfaceOrientationLandscapeLeft UIInterfaceOrientationLandscapeRight";
				INFOPLIST_KEY_UISupportedInterfaceOrientations_iPhone = "UIInterfaceOrientationPortrait UIInterfaceOrientationLandscapeLeft UIInterfaceOrientationLandscapeRight";
				LD_RUNPATH_SEARCH_PATHS = (
					"$(inherited)",
					"@executable_path/Frameworks",
				);
				MARKETING_VERSION = 1.0;
				PRODUCT_BUNDLE_IDENTIFIER = "ca.brendaninnis.spinny-bagels";
				PRODUCT_NAME = "$(TARGET_NAME)";
				SWIFT_EMIT_LOC_STRINGS = YES;
				SWIFT_VERSION = 5.0;
				TARGETED_DEVICE_FAMILY = "1,2";
			};
			name = Release;
		};
/* End XCBuildConfiguration section */

/* Begin XCConfigurationList section */
		B8CEB30E29AB10D9004CE824 /* Build configuration list for PBXProject "Spinny Bagles" */ = {
			isa = XCConfigurationList;
			buildConfigurations = (
				B8CEB31F29AB10DB004CE824 /* Debug */,
				B8CEB32029AB10DB004CE824 /* Release */,
			);
			defaultConfigurationIsVisible = 0;
			defaultConfigurationName = Release;
		};
		B8CEB32129AB10DB004CE824 /* Build configuration list for PBXNativeTarget "Spinny Bagles" */ = {
			isa = XCConfigurationList;
			buildConfigurations = (
				B8CEB32229AB10DB004CE824 /* Debug */,
				B8CEB32329AB10DB004CE824 /* Release */,
			);
			defaultConfigurationIsVisible = 0;
			defaultConfigurationName = Release;
		};
/* End XCConfigurationList section */
	};
	rootObject = B8CEB30B29AB10D9004CE824 /* Project object */;
}
